
Microsoft Visual Studio Solution File, Format Version 12.00
# Visual Studio Version 16
VisualStudioVersion = 16.0.31624.102
MinimumVisualStudioVersion = 10.0.40219.1
Project("{FAE04EC0-301F-11D3-BF4B-00C04F79EFBC}") = "Kabanova_7_2", "Kabanova_7_2\Kabanova_7_2.csproj", "{910DAA4C-ABE2-455C-8109-9ED8A0BA0E3F}"
EndProject
Global
	GlobalSection(SolutionConfigurationPlatforms) = preSolution
		Debug|Any CPU = Debug|Any CPU
		Release|Any CPU = Release|Any CPU
	EndGlobalSection
	GlobalSection(ProjectConfigurationPlatforms) = postSolution
		{910DAA4C-ABE2-455C-8109-9ED8A0BA0E3F}.Debug|Any CPU.ActiveCfg = Debug|Any CPU
		{910DAA4C-ABE2-455C-8109-9ED8A0BA0E3F}.Debug|Any CPU.Build.0 = Debug|Any CPU
		{910DAA4C-ABE2-455C-8109-9ED8A0BA0E3F}.Release|Any CPU.ActiveCfg = Release|Any CPU
		{910DAA4C-ABE2-455C-8109-9ED8A0BA0E3F}.Release|Any CPU.Build.0 = Release|Any CPU
	EndGlobalSection
	GlobalSection(SolutionProperties) = preSolution
		HideSolutionNode = FALSE
	EndGlobalSection
	GlobalSection(ExtensibilityGlobals) = postSolution
		SolutionGuid = {CBA3C630-A61F-4C80-B898-CA47E0F084BF}
	EndGlobalSection
EndGlobal
